
Microsoft Visual Studio Solution File, Format Version 12.00
# Visual Studio Version 17
VisualStudioVersion = 17.4.33110.190
MinimumVisualStudioVersion = 10.0.40219.1
Project("{9A19103F-16F7-4668-BE54-9A1E7A4F7556}") = "DogsMVCApplication", "DogsMVCApplication\DogsMVCApplication.csproj", "{D9FE6E07-D32A-4A85-B22C-7C563C5837B8}"
EndProject
Global
	GlobalSection(SolutionConfigurationPlatforms) = preSolution
		Debug|Any CPU = Debug|Any CPU
		Release|Any CPU = Release|Any CPU
	EndGlobalSection
	GlobalSection(ProjectConfigurationPlatforms) = postSolution
		{D9FE6E07-D32A-4A85-B22C-7C563C5837B8}.Debug|Any CPU.ActiveCfg = Debug|Any CPU
		{D9FE6E07-D32A-4A85-B22C-7C563C5837B8}.Debug|Any CPU.Build.0 = Debug|Any CPU
		{D9FE6E07-D32A-4A85-B22C-7C563C5837B8}.Release|Any CPU.ActiveCfg = Release|Any CPU
		{D9FE6E07-D32A-4A85-B22C-7C563C5837B8}.Release|Any CPU.Build.0 = Release|Any CPU
	EndGlobalSection
	GlobalSection(SolutionProperties) = preSolution
		HideSolutionNode = FALSE
	EndGlobalSection
	GlobalSection(ExtensibilityGlobals) = postSolution
		SolutionGuid = {86ABC0EF-5F9B-4DE0-9946-545E8AF829E5}
	EndGlobalSection
EndGlobal
